
Microsoft Visual Studio Solution File, Format Version 12.00
# Visual Studio Version 16
VisualStudioVersion = 16.0.28803.156
MinimumVisualStudioVersion = 10.0.40219.1
Project("{FAE04EC0-301F-11D3-BF4B-00C04F79EFBC}") = "Calc", "Calc.csproj", "{F48EA0EE-6C24-45C0-8FC4-8722D58E6DE4}"
EndProject
Global
	GlobalSection(SolutionConfigurationPlatforms) = preSolution
		Debug|Any CPU = Debug|Any CPU
		Release|Any CPU = Release|Any CPU
	EndGlobalSection
	GlobalSection(ProjectConfigurationPlatforms) = postSolution
		{F48EA0EE-6C24-45C0-8FC4-8722D58E6DE4}.Debug|Any CPU.ActiveCfg = Debug|Any CPU
		{F48EA0EE-6C24-45C0-8FC4-8722D58E6DE4}.Debug|Any CPU.Build.0 = Debug|Any CPU
		{F48EA0EE-6C24-45C0-8FC4-8722D58E6DE4}.Release|Any CPU.ActiveCfg = Release|Any CPU
		{F48EA0EE-6C24-45C0-8FC4-8722D58E6DE4}.Release|Any CPU.Build.0 = Release|Any CPU
	EndGlobalSection
	GlobalSection(SolutionProperties) = preSolution
		HideSolutionNode = FALSE
	EndGlobalSection
	GlobalSection(ExtensibilityGlobals) = postSolution
		SolutionGuid = {860F439A-218C-47D6-AA1D-76059A3232DC}
	EndGlobalSection
EndGlobal
